// !$*UTF8*$!
{
	archiveVersion = 1;
	classes = {
	};
	objectVersion = 46;
	objects = {

/* Begin PBXBuildFile section */
		BEBC467E1CC4B18100514624 /* main.m in Sources */ = {isa = PBXBuildFile; fileRef = BEBC467D1CC4B18100514624 /* main.m */; };
		BEBC46811CC4B18100514624 /* AppDelegate.m in Sources */ = {isa = PBXBuildFile; fileRef = BEBC46801CC4B18100514624 /* AppDelegate.m */; };
		BEBC46841CC4B18100514624 /* ViewController.m in Sources */ = {isa = PBXBuildFile; fileRef = BEBC46831CC4B18100514624 /* ViewController.m */; };
		BEBC46871CC4B18100514624 /* Main.storyboard in Resources */ = {isa = PBXBuildFile; fileRef = BEBC46851CC4B18100514624 /* Main.storyboard */; };
		BEBC46891CC4B18100514624 /* Assets.xcassets in Resources */ = {isa = PBXBuildFile; fileRef = BEBC46881CC4B18100514624 /* Assets.xcassets */; };
		BEBC468C1CC4B18100514624 /* LaunchScreen.storyboard in Resources */ = {isa = PBXBuildFile; fileRef = BEBC468A1CC4B18100514624 /* LaunchScreen.storyboard */; };
		BEBC46971CC4B18100514624 /* LangKitTests.m in Sources */ = {isa = PBXBuildFile; fileRef = BEBC46961CC4B18100514624 /* LangKitTests.m */; };
		BEBC46A21CC4B18100514624 /* LangKitUITests.m in Sources */ = {isa = PBXBuildFile; fileRef = BEBC46A11CC4B18100514624 /* LangKitUITests.m */; };
		BEBC46B21CC4B1AC00514624 /* LangCache.m in Sources */ = {isa = PBXBuildFile; fileRef = BEBC46B11CC4B1AC00514624 /* LangCache.m */; };
		BEBC46B51CC4B1BE00514624 /* LangMemoryCache.m in Sources */ = {isa = PBXBuildFile; fileRef = BEBC46B41CC4B1BE00514624 /* LangMemoryCache.m */; };
		BEBC46B81CC4B1CE00514624 /* LangDiskCache.m in Sources */ = {isa = PBXBuildFile; fileRef = BEBC46B71CC4B1CE00514624 /* LangDiskCache.m */; };
		BEBC46BB1CC4B1E800514624 /* LangKVStorage.m in Sources */ = {isa = PBXBuildFile; fileRef = BEBC46BA1CC4B1E800514624 /* LangKVStorage.m */; };
		BED8E7AA1CCB75F600E9580D /* libsqlite3.tbd in Frameworks */ = {isa = PBXBuildFile; fileRef = BED8E7A91CCB75F600E9580D /* libsqlite3.tbd */; };
		BEE23AD11CCF05B500B166EC /* CALayer+YYAdd.m in Sources */ = {isa = PBXBuildFile; fileRef = BEE23AB11CCF05B500B166EC /* CALayer+YYAdd.m */; };
		BEE23AD21CCF05B500B166EC /* YYCGUtilities.m in Sources */ = {isa = PBXBuildFile; fileRef = BEE23AB31CCF05B500B166EC /* YYCGUtilities.m */; };
		BEE23AD31CCF05B500B166EC /* UIApplication+YYAdd.m in Sources */ = {isa = PBXBuildFile; fileRef = BEE23AB61CCF05B500B166EC /* UIApplication+YYAdd.m */; };
		BEE23AD41CCF05B500B166EC /* UIBarButtonItem+YYAdd.m in Sources */ = {isa = PBXBuildFile; fileRef = BEE23AB81CCF05B500B166EC /* UIBarButtonItem+YYAdd.m */; };
		BEE23AD51CCF05B500B166EC /* UIBezierPath+YYAdd.m in Sources */ = {isa = PBXBuildFile; fileRef = BEE23ABA1CCF05B500B166EC /* UIBezierPath+YYAdd.m */; };
		BEE23AD61CCF05B500B166EC /* UIColor+YYAdd.m in Sources */ = {isa = PBXBuildFile; fileRef = BEE23ABC1CCF05B500B166EC /* UIColor+YYAdd.m */; };
		BEE23AD71CCF05B500B166EC /* UIControl+YYAdd.m in Sources */ = {isa = PBXBuildFile; fileRef = BEE23ABE1CCF05B500B166EC /* UIControl+YYAdd.m */; };
		BEE23AD81CCF05B500B166EC /* UIDevice+YYAdd.m in Sources */ = {isa = PBXBuildFile; fileRef = BEE23AC01CCF05B500B166EC /* UIDevice+YYAdd.m */; };
		BEE23AD91CCF05B500B166EC /* UIFont+YYAdd.m in Sources */ = {isa = PBXBuildFile; fileRef = BEE23AC21CCF05B500B166EC /* UIFont+YYAdd.m */; };
		BEE23ADA1CCF05B500B166EC /* UIGestureRecognizer+YYAdd.m in Sources */ = {isa = PBXBuildFile; fileRef = BEE23AC41CCF05B500B166EC /* UIGestureRecognizer+YYAdd.m */; };
		BEE23ADB1CCF05B500B166EC /* UIImage+YYAdd.m in Sources */ = {isa = PBXBuildFile; fileRef = BEE23AC61CCF05B500B166EC /* UIImage+YYAdd.m */; };
		BEE23ADC1CCF05B500B166EC /* UIScreen+YYAdd.m in Sources */ = {isa = PBXBuildFile; fileRef = BEE23AC81CCF05B500B166EC /* UIScreen+YYAdd.m */; };
		BEE23ADD1CCF05B500B166EC /* UIScrollView+YYAdd.m in Sources */ = {isa = PBXBuildFile; fileRef = BEE23ACA1CCF05B500B166EC /* UIScrollView+YYAdd.m */; };
		BEE23ADE1CCF05B500B166EC /* UITableView+YYAdd.m in Sources */ = {isa = PBXBuildFile; fileRef = BEE23ACC1CCF05B500B166EC /* UITableView+YYAdd.m */; };
		BEE23ADF1CCF05B500B166EC /* UITextField+YYAdd.m in Sources */ = {isa = PBXBuildFile; fileRef = BEE23ACE1CCF05B500B166EC /* UITextField+YYAdd.m */; };
		BEE23AE01CCF05B500B166EC /* UIView+YYAdd.m in Sources */ = {isa = PBXBuildFile; fileRef = BEE23AD01CCF05B500B166EC /* UIView+YYAdd.m */; };
		BEE23AE21CCF227100B166EC /* libz.tbd in Frameworks */ = {isa = PBXBuildFile; fileRef = BEE23AE11CCF227100B166EC /* libz.tbd */; };
		BEE28A3D1CCE194A0044A76F /* NSArray+YYAdd.m in Sources */ = {isa = PBXBuildFile; fileRef = BEE28A221CCE194A0044A76F /* NSArray+YYAdd.m */; };
		BEE28A3E1CCE194A0044A76F /* NSBundle+YYAdd.m in Sources */ = {isa = PBXBuildFile; fileRef = BEE28A241CCE194A0044A76F /* NSBundle+YYAdd.m */; };
		BEE28A3F1CCE194A0044A76F /* NSData+YYAdd.m in Sources */ = {isa = PBXBuildFile; fileRef = BEE28A261CCE194A0044A76F /* NSData+YYAdd.m */; };
		BEE28A401CCE194A0044A76F /* NSDate+YYAdd.m in Sources */ = {isa = PBXBuildFile; fileRef = BEE28A281CCE194A0044A76F /* NSDate+YYAdd.m */; };
		BEE28A411CCE194A0044A76F /* NSDictionary+YYAdd.m in Sources */ = {isa = PBXBuildFile; fileRef = BEE28A2A1CCE194A0044A76F /* NSDictionary+YYAdd.m */; };
		BEE28A421CCE194A0044A76F /* NSKeyedUnarchiver+YYAdd.m in Sources */ = {isa = PBXBuildFile; fileRef = BEE28A2C1CCE194A0044A76F /* NSKeyedUnarchiver+YYAdd.m */; };
		BEE28A431CCE194A0044A76F /* NSNotificationCenter+YYAdd.m in Sources */ = {isa = PBXBuildFile; fileRef = BEE28A2E1CCE194A0044A76F /* NSNotificationCenter+YYAdd.m */; };
		BEE28A441CCE194A0044A76F /* NSNumber+YYAdd.m in Sources */ = {isa = PBXBuildFile; fileRef = BEE28A301CCE194A0044A76F /* NSNumber+YYAdd.m */; };
		BEE28A451CCE194A0044A76F /* NSObject+YYAdd.m in Sources */ = {isa = PBXBuildFile; fileRef = BEE28A321CCE194A0044A76F /* NSObject+YYAdd.m */; };
		BEE28A461CCE194A0044A76F /* NSObject+YYAddForARC.m in Sources */ = {isa = PBXBuildFile; fileRef = BEE28A341CCE194A0044A76F /* NSObject+YYAddForARC.m */; settings = {COMPILER_FLAGS = "-fno-objc-arc"; }; };
		BEE28A471CCE194A0044A76F /* NSObject+YYAddForKVO.m in Sources */ = {isa = PBXBuildFile; fileRef = BEE28A361CCE194A0044A76F /* NSObject+YYAddForKVO.m */; };
		BEE28A481CCE194A0044A76F /* NSString+YYAdd.m in Sources */ = {isa = PBXBuildFile; fileRef = BEE28A381CCE194A0044A76F /* NSString+YYAdd.m */; };
		BEE28A491CCE194A0044A76F /* NSThread+YYAdd.m in Sources */ = {isa = PBXBuildFile; fileRef = BEE28A3A1CCE194A0044A76F /* NSThread+YYAdd.m */; settings = {COMPILER_FLAGS = "-fno-objc-arc"; }; };
		BEE28A4A1CCE194A0044A76F /* NSTimer+YYAdd.m in Sources */ = {isa = PBXBuildFile; fileRef = BEE28A3C1CCE194A0044A76F /* NSTimer+YYAdd.m */; };
/* End PBXBuildFile section */

/* Begin PBXContainerItemProxy section */
		BEBC46931CC4B18100514624 /* PBXContainerItemProxy */ = {
			isa = PBXContainerItemProxy;
			containerPortal = BEBC46711CC4B18100514624 /* Project object */;
			proxyType = 1;
			remoteGlobalIDString = BEBC46781CC4B18100514624;
			remoteInfo = LangKit;
		};
		BEBC469E1CC4B18100514624 /* PBXContainerItemProxy */ = {
			isa = PBXContainerItemProxy;
			containerPortal = BEBC46711CC4B18100514624 /* Project object */;
			proxyType = 1;
			remoteGlobalIDString = BEBC46781CC4B18100514624;
			remoteInfo = LangKit;
		};
/* End PBXContainerItemProxy section */

/* Begin PBXFileReference section */
		BEBC46791CC4B18100514624 /* LangKit.app */ = {isa = PBXFileReference; explicitFileType = wrapper.application; includeInIndex = 0; path = LangKit.app; sourceTree = BUILT_PRODUCTS_DIR; };
		BEBC467D1CC4B18100514624 /* main.m */ = {isa = PBXFileReference; lastKnownFileType = sourcecode.c.objc; path = main.m; sourceTree = "<group>"; };
		BEBC467F1CC4B18100514624 /* AppDelegate.h */ = {isa = PBXFileReference; lastKnownFileType = sourcecode.c.h; path = AppDelegate.h; sourceTree = "<group>"; };
		BEBC46801CC4B18100514624 /* AppDelegate.m */ = {isa = PBXFileReference; lastKnownFileType = sourcecode.c.objc; path = AppDelegate.m; sourceTree = "<group>"; };
		BEBC46821CC4B18100514624 /* ViewController.h */ = {isa = PBXFileReference; lastKnownFileType = sourcecode.c.h; path = ViewController.h; sourceTree = "<group>"; };
		BEBC46831CC4B18100514624 /* ViewController.m */ = {isa = PBXFileReference; lastKnownFileType = sourcecode.c.objc; path = ViewController.m; sourceTree = "<group>"; };
		BEBC46861CC4B18100514624 /* Base */ = {isa = PBXFileReference; lastKnownFileType = file.storyboard; name = Base; path = Base.lproj/Main.storyboard; sourceTree = "<group>"; };
		BEBC46881CC4B18100514624 /* Assets.xcassets */ = {isa = PBXFileReference; lastKnownFileType = folder.assetcatalog; path = Assets.xcassets; sourceTree = "<group>"; };
		BEBC468B1CC4B18100514624 /* Base */ = {isa = PBXFileReference; lastKnownFileType = file.storyboard; name = Base; path = Base.lproj/LaunchScreen.storyboard; sourceTree = "<group>"; };
		BEBC468D1CC4B18100514624 /* Info.plist */ = {isa = PBXFileReference; lastKnownFileType = text.plist.xml; path = Info.plist; sourceTree = "<group>"; };
		BEBC46921CC4B18100514624 /* LangKitTests.xctest */ = {isa = PBXFileReference; explicitFileType = wrapper.cfbundle; includeInIndex = 0; path = LangKitTests.xctest; sourceTree = BUILT_PRODUCTS_DIR; };
		BEBC46961CC4B18100514624 /* LangKitTests.m */ = {isa = PBXFileReference; lastKnownFileType = sourcecode.c.objc; path = LangKitTests.m; sourceTree = "<group>"; };
		BEBC46981CC4B18100514624 /* Info.plist */ = {isa = PBXFileReference; lastKnownFileType = text.plist.xml; path = Info.plist; sourceTree = "<group>"; };
		BEBC469D1CC4B18100514624 /* LangKitUITests.xctest */ = {isa = PBXFileReference; explicitFileType = wrapper.cfbundle; includeInIndex = 0; path = LangKitUITests.xctest; sourceTree = BUILT_PRODUCTS_DIR; };
		BEBC46A11CC4B18100514624 /* LangKitUITests.m */ = {isa = PBXFileReference; lastKnownFileType = sourcecode.c.objc; path = LangKitUITests.m; sourceTree = "<group>"; };
		BEBC46A31CC4B18100514624 /* Info.plist */ = {isa = PBXFileReference; lastKnownFileType = text.plist.xml; path = Info.plist; sourceTree = "<group>"; };
		BEBC46B01CC4B1AC00514624 /* LangCache.h */ = {isa = PBXFileReference; fileEncoding = 4; lastKnownFileType = sourcecode.c.h; path = LangCache.h; sourceTree = "<group>"; };
		BEBC46B11CC4B1AC00514624 /* LangCache.m */ = {isa = PBXFileReference; fileEncoding = 4; lastKnownFileType = sourcecode.c.objc; path = LangCache.m; sourceTree = "<group>"; };
		BEBC46B31CC4B1BE00514624 /* LangMemoryCache.h */ = {isa = PBXFileReference; fileEncoding = 4; lastKnownFileType = sourcecode.c.h; path = LangMemoryCache.h; sourceTree = "<group>"; };
		BEBC46B41CC4B1BE00514624 /* LangMemoryCache.m */ = {isa = PBXFileReference; fileEncoding = 4; lastKnownFileType = sourcecode.c.objc; path = LangMemoryCache.m; sourceTree = "<group>"; };
		BEBC46B61CC4B1CE00514624 /* LangDiskCache.h */ = {isa = PBXFileReference; fileEncoding = 4; lastKnownFileType = sourcecode.c.h; path = LangDiskCache.h; sourceTree = "<group>"; };
		BEBC46B71CC4B1CE00514624 /* LangDiskCache.m */ = {isa = PBXFileReference; fileEncoding = 4; lastKnownFileType = sourcecode.c.objc; path = LangDiskCache.m; sourceTree = "<group>"; };
		BEBC46B91CC4B1E700514624 /* LangKVStorage.h */ = {isa = PBXFileReference; fileEncoding = 4; lastKnownFileType = sourcecode.c.h; path = LangKVStorage.h; sourceTree = "<group>"; };
		BEBC46BA1CC4B1E800514624 /* LangKVStorage.m */ = {isa = PBXFileReference; fileEncoding = 4; lastKnownFileType = sourcecode.c.objc; path = LangKVStorage.m; sourceTree = "<group>"; };
		BED8E7A91CCB75F600E9580D /* libsqlite3.tbd */ = {isa = PBXFileReference; lastKnownFileType = "sourcecode.text-based-dylib-definition"; name = libsqlite3.tbd; path = usr/lib/libsqlite3.tbd; sourceTree = SDKROOT; };
		BEE23AAE1CCF053000B166EC /* YYKitMacro.h */ = {isa = PBXFileReference; fileEncoding = 4; lastKnownFileType = sourcecode.c.h; path = YYKitMacro.h; sourceTree = "<group>"; };
		BEE23AB01CCF05B500B166EC /* CALayer+YYAdd.h */ = {isa = PBXFileReference; fileEncoding = 4; lastKnownFileType = sourcecode.c.h; path = "CALayer+YYAdd.h"; sourceTree = "<group>"; };
		BEE23AB11CCF05B500B166EC /* CALayer+YYAdd.m */ = {isa = PBXFileReference; fileEncoding = 4; lastKnownFileType = sourcecode.c.objc; path = "CALayer+YYAdd.m"; sourceTree = "<group>"; };
		BEE23AB21CCF05B500B166EC /* YYCGUtilities.h */ = {isa = PBXFileReference; fileEncoding = 4; lastKnownFileType = sourcecode.c.h; path = YYCGUtilities.h; sourceTree = "<group>"; };
		BEE23AB31CCF05B500B166EC /* YYCGUtilities.m */ = {isa = PBXFileReference; fileEncoding = 4; lastKnownFileType = sourcecode.c.objc; path = YYCGUtilities.m; sourceTree = "<group>"; };
		BEE23AB51CCF05B500B166EC /* UIApplication+YYAdd.h */ = {isa = PBXFileReference; fileEncoding = 4; lastKnownFileType = sourcecode.c.h; path = "UIApplication+YYAdd.h"; sourceTree = "<group>"; };
		BEE23AB61CCF05B500B166EC /* UIApplication+YYAdd.m */ = {isa = PBXFileReference; fileEncoding = 4; lastKnownFileType = sourcecode.c.objc; path = "UIApplication+YYAdd.m"; sourceTree = "<group>"; };
		BEE23AB71CCF05B500B166EC /* UIBarButtonItem+YYAdd.h */ = {isa = PBXFileReference; fileEncoding = 4; lastKnownFileType = sourcecode.c.h; path = "UIBarButtonItem+YYAdd.h"; sourceTree = "<group>"; };
		BEE23AB81CCF05B500B166EC /* UIBarButtonItem+YYAdd.m */ = {isa = PBXFileReference; fileEncoding = 4; lastKnownFileType = sourcecode.c.objc; path = "UIBarButtonItem+YYAdd.m"; sourceTree = "<group>"; };
		BEE23AB91CCF05B500B166EC /* UIBezierPath+YYAdd.h */ = {isa = PBXFileReference; fileEncoding = 4; lastKnownFileType = sourcecode.c.h; path = "UIBezierPath+YYAdd.h"; sourceTree = "<group>"; };
		BEE23ABA1CCF05B500B166EC /* UIBezierPath+YYAdd.m */ = {isa = PBXFileReference; fileEncoding = 4; lastKnownFileType = sourcecode.c.objc; path = "UIBezierPath+YYAdd.m"; sourceTree = "<group>"; };
		BEE23ABB1CCF05B500B166EC /* UIColor+YYAdd.h */ = {isa = PBXFileReference; fileEncoding = 4; lastKnownFileType = sourcecode.c.h; path = "UIColor+YYAdd.h"; sourceTree = "<group>"; };
		BEE23ABC1CCF05B500B166EC /* UIColor+YYAdd.m */ = {isa = PBXFileReference; fileEncoding = 4; lastKnownFileType = sourcecode.c.objc; path = "UIColor+YYAdd.m"; sourceTree = "<group>"; };
		BEE23ABD1CCF05B500B166EC /* UIControl+YYAdd.h */ = {isa = PBXFileReference; fileEncoding = 4; lastKnownFileType = sourcecode.c.h; path = "UIControl+YYAdd.h"; sourceTree = "<group>"; };
		BEE23ABE1CCF05B500B166EC /* UIControl+YYAdd.m */ = {isa = PBXFileReference; fileEncoding = 4; lastKnownFileType = sourcecode.c.objc; path = "UIControl+YYAdd.m"; sourceTree = "<group>"; };
		BEE23ABF1CCF05B500B166EC /* UIDevice+YYAdd.h */ = {isa = PBXFileReference; fileEncoding = 4; lastKnownFileType = sourcecode.c.h; path = "UIDevice+YYAdd.h"; sourceTree = "<group>"; };
		BEE23AC01CCF05B500B166EC /* UIDevice+YYAdd.m */ = {isa = PBXFileReference; fileEncoding = 4; lastKnownFileType = sourcecode.c.objc; path = "UIDevice+YYAdd.m"; sourceTree = "<group>"; };
		BEE23AC11CCF05B500B166EC /* UIFont+YYAdd.h */ = {isa = PBXFileReference; fileEncoding = 4; lastKnownFileType = sourcecode.c.h; path = "UIFont+YYAdd.h"; sourceTree = "<group>"; };
		BEE23AC21CCF05B500B166EC /* UIFont+YYAdd.m */ = {isa = PBXFileReference; fileEncoding = 4; lastKnownFileType = sourcecode.c.objc; path = "UIFont+YYAdd.m"; sourceTree = "<group>"; };
		BEE23AC31CCF05B500B166EC /* UIGestureRecognizer+YYAdd.h */ = {isa = PBXFileReference; fileEncoding = 4; lastKnownFileType = sourcecode.c.h; path = "UIGestureRecognizer+YYAdd.h"; sourceTree = "<group>"; };
		BEE23AC41CCF05B500B166EC /* UIGestureRecognizer+YYAdd.m */ = {isa = PBXFileReference; fileEncoding = 4; lastKnownFileType = sourcecode.c.objc; path = "UIGestureRecognizer+YYAdd.m"; sourceTree = "<group>"; };
		BEE23AC51CCF05B500B166EC /* UIImage+YYAdd.h */ = {isa = PBXFileReference; fileEncoding = 4; lastKnownFileType = sourcecode.c.h; path = "UIImage+YYAdd.h"; sourceTree = "<group>"; };
		BEE23AC61CCF05B500B166EC /* UIImage+YYAdd.m */ = {isa = PBXFileReference; fileEncoding = 4; lastKnownFileType = sourcecode.c.objc; path = "UIImage+YYAdd.m"; sourceTree = "<group>"; };
		BEE23AC71CCF05B500B166EC /* UIScreen+YYAdd.h */ = {isa = PBXFileReference; fileEncoding = 4; lastKnownFileType = sourcecode.c.h; path = "UIScreen+YYAdd.h"; sourceTree = "<group>"; };
		BEE23AC81CCF05B500B166EC /* UIScreen+YYAdd.m */ = {isa = PBXFileReference; fileEncoding = 4; lastKnownFileType = sourcecode.c.objc; path = "UIScreen+YYAdd.m"; sourceTree = "<group>"; };
		BEE23AC91CCF05B500B166EC /* UIScrollView+YYAdd.h */ = {isa = PBXFileReference; fileEncoding = 4; lastKnownFileType = sourcecode.c.h; path = "UIScrollView+YYAdd.h"; sourceTree = "<group>"; };
		BEE23ACA1CCF05B500B166EC /* UIScrollView+YYAdd.m */ = {isa = PBXFileReference; fileEncoding = 4; lastKnownFileType = sourcecode.c.objc; path = "UIScrollView+YYAdd.m"; sourceTree = "<group>"; };
		BEE23ACB1CCF05B500B166EC /* UITableView+YYAdd.h */ = {isa = PBXFileReference; fileEncoding = 4; lastKnownFileType = sourcecode.c.h; path = "UITableView+YYAdd.h"; sourceTree = "<group>"; };
		BEE23ACC1CCF05B500B166EC /* UITableView+YYAdd.m */ = {isa = PBXFileReference; fileEncoding = 4; lastKnownFileType = sourcecode.c.objc; path = "UITableView+YYAdd.m"; sourceTree = "<group>"; };
		BEE23ACD1CCF05B500B166EC /* UITextField+YYAdd.h */ = {isa = PBXFileReference; fileEncoding = 4; lastKnownFileType = sourcecode.c.h; path = "UITextField+YYAdd.h"; sourceTree = "<group>"; };
		BEE23ACE1CCF05B500B166EC /* UITextField+YYAdd.m */ = {isa = PBXFileReference; fileEncoding = 4; lastKnownFileType = sourcecode.c.objc; path = "UITextField+YYAdd.m"; sourceTree = "<group>"; };
		BEE23ACF1CCF05B500B166EC /* UIView+YYAdd.h */ = {isa = PBXFileReference; fileEncoding = 4; lastKnownFileType = sourcecode.c.h; path = "UIView+YYAdd.h"; sourceTree = "<group>"; };
		BEE23AD01CCF05B500B166EC /* UIView+YYAdd.m */ = {isa = PBXFileReference; fileEncoding = 4; lastKnownFileType = sourcecode.c.objc; path = "UIView+YYAdd.m"; sourceTree = "<group>"; };
		BEE23AE11CCF227100B166EC /* libz.tbd */ = {isa = PBXFileReference; lastKnownFileType = "sourcecode.text-based-dylib-definition"; name = libz.tbd; path = usr/lib/libz.tbd; sourceTree = SDKROOT; };
		BEE28A211CCE194A0044A76F /* NSArray+YYAdd.h */ = {isa = PBXFileReference; fileEncoding = 4; lastKnownFileType = sourcecode.c.h; path = "NSArray+YYAdd.h"; sourceTree = "<group>"; };
		BEE28A221CCE194A0044A76F /* NSArray+YYAdd.m */ = {isa = PBXFileReference; fileEncoding = 4; lastKnownFileType = sourcecode.c.objc; path = "NSArray+YYAdd.m"; sourceTree = "<group>"; };
		BEE28A231CCE194A0044A76F /* NSBundle+YYAdd.h */ = {isa = PBXFileReference; fileEncoding = 4; lastKnownFileType = sourcecode.c.h; path = "NSBundle+YYAdd.h"; sourceTree = "<group>"; };
		BEE28A241CCE194A0044A76F /* NSBundle+YYAdd.m */ = {isa = PBXFileReference; fileEncoding = 4; lastKnownFileType = sourcecode.c.objc; path = "NSBundle+YYAdd.m"; sourceTree = "<group>"; };
		BEE28A251CCE194A0044A76F /* NSData+YYAdd.h */ = {isa = PBXFileReference; fileEncoding = 4; lastKnownFileType = sourcecode.c.h; path = "NSData+YYAdd.h"; sourceTree = "<group>"; };
		BEE28A261CCE194A0044A76F /* NSData+YYAdd.m */ = {isa = PBXFileReference; fileEncoding = 4; lastKnownFileType = sourcecode.c.objc; path = "NSData+YYAdd.m"; sourceTree = "<group>"; };
		BEE28A271CCE194A0044A76F /* NSDate+YYAdd.h */ = {isa = PBXFileReference; fileEncoding = 4; lastKnownFileType = sourcecode.c.h; path = "NSDate+YYAdd.h"; sourceTree = "<group>"; };
		BEE28A281CCE194A0044A76F /* NSDate+YYAdd.m */ = {isa = PBXFileReference; fileEncoding = 4; lastKnownFileType = sourcecode.c.objc; path = "NSDate+YYAdd.m"; sourceTree = "<group>"; };
		BEE28A291CCE194A0044A76F /* NSDictionary+YYAdd.h */ = {isa = PBXFileReference; fileEncoding = 4; lastKnownFileType = sourcecode.c.h; path = "NSDictionary+YYAdd.h"; sourceTree = "<group>"; };
		BEE28A2A1CCE194A0044A76F /* NSDictionary+YYAdd.m */ = {isa = PBXFileReference; fileEncoding = 4; lastKnownFileType = sourcecode.c.objc; path = "NSDictionary+YYAdd.m"; sourceTree = "<group>"; };
		BEE28A2B1CCE194A0044A76F /* NSKeyedUnarchiver+YYAdd.h */ = {isa = PBXFileReference; fileEncoding = 4; lastKnownFileType = sourcecode.c.h; path = "NSKeyedUnarchiver+YYAdd.h"; sourceTree = "<group>"; };
		BEE28A2C1CCE194A0044A76F /* NSKeyedUnarchiver+YYAdd.m */ = {isa = PBXFileReference; fileEncoding = 4; lastKnownFileType = sourcecode.c.objc; path = "NSKeyedUnarchiver+YYAdd.m"; sourceTree = "<group>"; };
		BEE28A2D1CCE194A0044A76F /* NSNotificationCenter+YYAdd.h */ = {isa = PBXFileReference; fileEncoding = 4; lastKnownFileType = sourcecode.c.h; path = "NSNotificationCenter+YYAdd.h"; sourceTree = "<group>"; };
		BEE28A2E1CCE194A0044A76F /* NSNotificationCenter+YYAdd.m */ = {isa = PBXFileReference; fileEncoding = 4; lastKnownFileType = sourcecode.c.objc; path = "NSNotificationCenter+YYAdd.m"; sourceTree = "<group>"; };
		BEE28A2F1CCE194A0044A76F /* NSNumber+YYAdd.h */ = {isa = PBXFileReference; fileEncoding = 4; lastKnownFileType = sourcecode.c.h; path = "NSNumber+YYAdd.h"; sourceTree = "<group>"; };
		BEE28A301CCE194A0044A76F /* NSNumber+YYAdd.m */ = {isa = PBXFileReference; fileEncoding = 4; lastKnownFileType = sourcecode.c.objc; path = "NSNumber+YYAdd.m"; sourceTree = "<group>"; };
		BEE28A311CCE194A0044A76F /* NSObject+YYAdd.h */ = {isa = PBXFileReference; fileEncoding = 4; lastKnownFileType = sourcecode.c.h; path = "NSObject+YYAdd.h"; sourceTree = "<group>"; };
		BEE28A321CCE194A0044A76F /* NSObject+YYAdd.m */ = {isa = PBXFileReference; fileEncoding = 4; lastKnownFileType = sourcecode.c.objc; path = "NSObject+YYAdd.m"; sourceTree = "<group>"; };
		BEE28A331CCE194A0044A76F /* NSObject+YYAddForARC.h */ = {isa = PBXFileReference; fileEncoding = 4; lastKnownFileType = sourcecode.c.h; path = "NSObject+YYAddForARC.h"; sourceTree = "<group>"; };
		BEE28A341CCE194A0044A76F /* NSObject+YYAddForARC.m */ = {isa = PBXFileReference; fileEncoding = 4; lastKnownFileType = sourcecode.c.objc; path = "NSObject+YYAddForARC.m"; sourceTree = "<group>"; };
		BEE28A351CCE194A0044A76F /* NSObject+YYAddForKVO.h */ = {isa = PBXFileReference; fileEncoding = 4; lastKnownFileType = sourcecode.c.h; path = "NSObject+YYAddForKVO.h"; sourceTree = "<group>"; };
		BEE28A361CCE194A0044A76F /* NSObject+YYAddForKVO.m */ = {isa = PBXFileReference; fileEncoding = 4; lastKnownFileType = sourcecode.c.objc; path = "NSObject+YYAddForKVO.m"; sourceTree = "<group>"; };
		BEE28A371CCE194A0044A76F /* NSString+YYAdd.h */ = {isa = PBXFileReference; fileEncoding = 4; lastKnownFileType = sourcecode.c.h; path = "NSString+YYAdd.h"; sourceTree = "<group>"; };
		BEE28A381CCE194A0044A76F /* NSString+YYAdd.m */ = {isa = PBXFileReference; fileEncoding = 4; lastKnownFileType = sourcecode.c.objc; path = "NSString+YYAdd.m"; sourceTree = "<group>"; };
		BEE28A391CCE194A0044A76F /* NSThread+YYAdd.h */ = {isa = PBXFileReference; fileEncoding = 4; lastKnownFileType = sourcecode.c.h; path = "NSThread+YYAdd.h"; sourceTree = "<group>"; };
		BEE28A3A1CCE194A0044A76F /* NSThread+YYAdd.m */ = {isa = PBXFileReference; fileEncoding = 4; lastKnownFileType = sourcecode.c.objc; path = "NSThread+YYAdd.m"; sourceTree = "<group>"; };
		BEE28A3B1CCE194A0044A76F /* NSTimer+YYAdd.h */ = {isa = PBXFileReference; fileEncoding = 4; lastKnownFileType = sourcecode.c.h; path = "NSTimer+YYAdd.h"; sourceTree = "<group>"; };
		BEE28A3C1CCE194A0044A76F /* NSTimer+YYAdd.m */ = {isa = PBXFileReference; fileEncoding = 4; lastKnownFileType = sourcecode.c.objc; path = "NSTimer+YYAdd.m"; sourceTree = "<group>"; };
/* End PBXFileReference section */

/* Begin PBXFrameworksBuildPhase section */
		BEBC46761CC4B18100514624 /* Frameworks */ = {
			isa = PBXFrameworksBuildPhase;
			buildActionMask = 2147483647;
			files = (
				BEE23AE21CCF227100B166EC /* libz.tbd in Frameworks */,
				BED8E7AA1CCB75F600E9580D /* libsqlite3.tbd in Frameworks */,
			);
			runOnlyForDeploymentPostprocessing = 0;
		};
		BEBC468F1CC4B18100514624 /* Frameworks */ = {
			isa = PBXFrameworksBuildPhase;
			buildActionMask = 2147483647;
			files = (
			);
			runOnlyForDeploymentPostprocessing = 0;
		};
		BEBC469A1CC4B18100514624 /* Frameworks */ = {
			isa = PBXFrameworksBuildPhase;
			buildActionMask = 2147483647;
			files = (
			);
			runOnlyForDeploymentPostprocessing = 0;
		};
/* End PBXFrameworksBuildPhase section */

/* Begin PBXGroup section */
		BEBC46701CC4B18100514624 = {
			isa = PBXGroup;
			children = (
				BEE23AE11CCF227100B166EC /* libz.tbd */,
				BED8E7A91CCB75F600E9580D /* libsqlite3.tbd */,
				BEE28A201CCE194A0044A76F /* Foundation */,
				BEBC46AF1CC4B19700514624 /* Kit */,
				BEBC467B1CC4B18100514624 /* LangKit */,
				BEBC46951CC4B18100514624 /* LangKitTests */,
				BEBC46A01CC4B18100514624 /* LangKitUITests */,
				BEBC467A1CC4B18100514624 /* Products */,
			);
			sourceTree = "<group>";
		};
		BEBC467A1CC4B18100514624 /* Products */ = {
			isa = PBXGroup;
			children = (
				BEBC46791CC4B18100514624 /* LangKit.app */,
				BEBC46921CC4B18100514624 /* LangKitTests.xctest */,
				BEBC469D1CC4B18100514624 /* LangKitUITests.xctest */,
			);
			name = Products;
			sourceTree = "<group>";
		};
		BEBC467B1CC4B18100514624 /* LangKit */ = {
			isa = PBXGroup;
			children = (
				BEBC467F1CC4B18100514624 /* AppDelegate.h */,
				BEBC46801CC4B18100514624 /* AppDelegate.m */,
				BEBC46821CC4B18100514624 /* ViewController.h */,
				BEBC46831CC4B18100514624 /* ViewController.m */,
				BEBC46851CC4B18100514624 /* Main.storyboard */,
				BEBC46881CC4B18100514624 /* Assets.xcassets */,
				BEBC468A1CC4B18100514624 /* LaunchScreen.storyboard */,
				BEBC468D1CC4B18100514624 /* Info.plist */,
				BEBC467C1CC4B18100514624 /* Supporting Files */,
			);
			path = LangKit;
			sourceTree = "<group>";
		};
		BEBC467C1CC4B18100514624 /* Supporting Files */ = {
			isa = PBXGroup;
			children = (
				BEBC467D1CC4B18100514624 /* main.m */,
			);
			name = "Supporting Files";
			sourceTree = "<group>";
		};
		BEBC46951CC4B18100514624 /* LangKitTests */ = {
			isa = PBXGroup;
			children = (
				BEBC46961CC4B18100514624 /* LangKitTests.m */,
				BEBC46981CC4B18100514624 /* Info.plist */,
			);
			path = LangKitTests;
			sourceTree = "<group>";
		};
		BEBC46A01CC4B18100514624 /* LangKitUITests */ = {
			isa = PBXGroup;
			children = (
				BEBC46A11CC4B18100514624 /* LangKitUITests.m */,
				BEBC46A31CC4B18100514624 /* Info.plist */,
			);
			path = LangKitUITests;
			sourceTree = "<group>";
		};
		BEBC46AF1CC4B19700514624 /* Kit */ = {
			isa = PBXGroup;
			children = (
				BEBC46B01CC4B1AC00514624 /* LangCache.h */,
				BEBC46B11CC4B1AC00514624 /* LangCache.m */,
				BEBC46B31CC4B1BE00514624 /* LangMemoryCache.h */,
				BEBC46B41CC4B1BE00514624 /* LangMemoryCache.m */,
				BEBC46B61CC4B1CE00514624 /* LangDiskCache.h */,
				BEBC46B71CC4B1CE00514624 /* LangDiskCache.m */,
				BEBC46B91CC4B1E700514624 /* LangKVStorage.h */,
				BEBC46BA1CC4B1E800514624 /* LangKVStorage.m */,
			);
			path = Kit;
			sourceTree = "<group>";
		};
		BEE23AAF1CCF05B500B166EC /* Quartz */ = {
			isa = PBXGroup;
			children = (
				BEE23AB01CCF05B500B166EC /* CALayer+YYAdd.h */,
				BEE23AB11CCF05B500B166EC /* CALayer+YYAdd.m */,
				BEE23AB21CCF05B500B166EC /* YYCGUtilities.h */,
				BEE23AB31CCF05B500B166EC /* YYCGUtilities.m */,
			);
			path = Quartz;
			sourceTree = "<group>";
		};
		BEE23AB41CCF05B500B166EC /* UIKit */ = {
			isa = PBXGroup;
			children = (
				BEE23AB51CCF05B500B166EC /* UIApplication+YYAdd.h */,
				BEE23AB61CCF05B500B166EC /* UIApplication+YYAdd.m */,
				BEE23AB71CCF05B500B166EC /* UIBarButtonItem+YYAdd.h */,
				BEE23AB81CCF05B500B166EC /* UIBarButtonItem+YYAdd.m */,
				BEE23AB91CCF05B500B166EC /* UIBezierPath+YYAdd.h */,
				BEE23ABA1CCF05B500B166EC /* UIBezierPath+YYAdd.m */,
				BEE23ABB1CCF05B500B166EC /* UIColor+YYAdd.h */,
				BEE23ABC1CCF05B500B166EC /* UIColor+YYAdd.m */,
				BEE23ABD1CCF05B500B166EC /* UIControl+YYAdd.h */,
				BEE23ABE1CCF05B500B166EC /* UIControl+YYAdd.m */,
				BEE23ABF1CCF05B500B166EC /* UIDevice+YYAdd.h */,
				BEE23AC01CCF05B500B166EC /* UIDevice+YYAdd.m */,
				BEE23AC11CCF05B500B166EC /* UIFont+YYAdd.h */,
				BEE23AC21CCF05B500B166EC /* UIFont+YYAdd.m */,
				BEE23AC31CCF05B500B166EC /* UIGestureRecognizer+YYAdd.h */,
				BEE23AC41CCF05B500B166EC /* UIGestureRecognizer+YYAdd.m */,
				BEE23AC51CCF05B500B166EC /* UIImage+YYAdd.h */,
				BEE23AC61CCF05B500B166EC /* UIImage+YYAdd.m */,
				BEE23AC71CCF05B500B166EC /* UIScreen+YYAdd.h */,
				BEE23AC81CCF05B500B166EC /* UIScreen+YYAdd.m */,
				BEE23AC91CCF05B500B166EC /* UIScrollView+YYAdd.h */,
				BEE23ACA1CCF05B500B166EC /* UIScrollView+YYAdd.m */,
				BEE23ACB1CCF05B500B166EC /* UITableView+YYAdd.h */,
				BEE23ACC1CCF05B500B166EC /* UITableView+YYAdd.m */,
				BEE23ACD1CCF05B500B166EC /* UITextField+YYAdd.h */,
				BEE23ACE1CCF05B500B166EC /* UITextField+YYAdd.m */,
				BEE23ACF1CCF05B500B166EC /* UIView+YYAdd.h */,
				BEE23AD01CCF05B500B166EC /* UIView+YYAdd.m */,
			);
			path = UIKit;
			sourceTree = "<group>";
		};
		BEE28A201CCE194A0044A76F /* Foundation */ = {
			isa = PBXGroup;
			children = (
				BEE23AAF1CCF05B500B166EC /* Quartz */,
				BEE23AB41CCF05B500B166EC /* UIKit */,
				BEE23AAE1CCF053000B166EC /* YYKitMacro.h */,
				BEE28A211CCE194A0044A76F /* NSArray+YYAdd.h */,
				BEE28A221CCE194A0044A76F /* NSArray+YYAdd.m */,
				BEE28A231CCE194A0044A76F /* NSBundle+YYAdd.h */,
				BEE28A241CCE194A0044A76F /* NSBundle+YYAdd.m */,
				BEE28A251CCE194A0044A76F /* NSData+YYAdd.h */,
				BEE28A261CCE194A0044A76F /* NSData+YYAdd.m */,
				BEE28A271CCE194A0044A76F /* NSDate+YYAdd.h */,
				BEE28A281CCE194A0044A76F /* NSDate+YYAdd.m */,
				BEE28A291CCE194A0044A76F /* NSDictionary+YYAdd.h */,
				BEE28A2A1CCE194A0044A76F /* NSDictionary+YYAdd.m */,
				BEE28A2B1CCE194A0044A76F /* NSKeyedUnarchiver+YYAdd.h */,
				BEE28A2C1CCE194A0044A76F /* NSKeyedUnarchiver+YYAdd.m */,
				BEE28A2D1CCE194A0044A76F /* NSNotificationCenter+YYAdd.h */,
				BEE28A2E1CCE194A0044A76F /* NSNotificationCenter+YYAdd.m */,
				BEE28A2F1CCE194A0044A76F /* NSNumber+YYAdd.h */,
				BEE28A301CCE194A0044A76F /* NSNumber+YYAdd.m */,
				BEE28A311CCE194A0044A76F /* NSObject+YYAdd.h */,
				BEE28A321CCE194A0044A76F /* NSObject+YYAdd.m */,
				BEE28A331CCE194A0044A76F /* NSObject+YYAddForARC.h */,
				BEE28A341CCE194A0044A76F /* NSObject+YYAddForARC.m */,
				BEE28A351CCE194A0044A76F /* NSObject+YYAddForKVO.h */,
				BEE28A361CCE194A0044A76F /* NSObject+YYAddForKVO.m */,
				BEE28A371CCE194A0044A76F /* NSString+YYAdd.h */,
				BEE28A381CCE194A0044A76F /* NSString+YYAdd.m */,
				BEE28A391CCE194A0044A76F /* NSThread+YYAdd.h */,
				BEE28A3A1CCE194A0044A76F /* NSThread+YYAdd.m */,
				BEE28A3B1CCE194A0044A76F /* NSTimer+YYAdd.h */,
				BEE28A3C1CCE194A0044A76F /* NSTimer+YYAdd.m */,
			);
			path = Foundation;
			sourceTree = "<group>";
		};
/* End PBXGroup section */

/* Begin PBXNativeTarget section */
		BEBC46781CC4B18100514624 /* LangKit */ = {
			isa = PBXNativeTarget;
			buildConfigurationList = BEBC46A61CC4B18100514624 /* Build configuration list for PBXNativeTarget "LangKit" */;
			buildPhases = (
				BEBC46751CC4B18100514624 /* Sources */,
				BEBC46761CC4B18100514624 /* Frameworks */,
				BEBC46771CC4B18100514624 /* Resources */,
			);
			buildRules = (
			);
			dependencies = (
			);
			name = LangKit;
			productName = LangKit;
			productReference = BEBC46791CC4B18100514624 /* LangKit.app */;
			productType = "com.apple.product-type.application";
		};
		BEBC46911CC4B18100514624 /* LangKitTests */ = {
			isa = PBXNativeTarget;
			buildConfigurationList = BEBC46A91CC4B18100514624 /* Build configuration list for PBXNativeTarget "LangKitTests" */;
			buildPhases = (
				BEBC468E1CC4B18100514624 /* Sources */,
				BEBC468F1CC4B18100514624 /* Frameworks */,
				BEBC46901CC4B18100514624 /* Resources */,
			);
			buildRules = (
			);
			dependencies = (
				BEBC46941CC4B18100514624 /* PBXTargetDependency */,
			);
			name = LangKitTests;
			productName = LangKitTests;
			productReference = BEBC46921CC4B18100514624 /* LangKitTests.xctest */;
			productType = "com.apple.product-type.bundle.unit-test";
		};
		BEBC469C1CC4B18100514624 /* LangKitUITests */ = {
			isa = PBXNativeTarget;
			buildConfigurationList = BEBC46AC1CC4B18100514624 /* Build configuration list for PBXNativeTarget "LangKitUITests" */;
			buildPhases = (
				BEBC46991CC4B18100514624 /* Sources */,
				BEBC469A1CC4B18100514624 /* Frameworks */,
				BEBC469B1CC4B18100514624 /* Resources */,
			);
			buildRules = (
			);
			dependencies = (
				BEBC469F1CC4B18100514624 /* PBXTargetDependency */,
			);
			name = LangKitUITests;
			productName = LangKitUITests;
			productReference = BEBC469D1CC4B18100514624 /* LangKitUITests.xctest */;
			productType = "com.apple.product-type.bundle.ui-testing";
		};
/* End PBXNativeTarget section */

/* Begin PBXProject section */
		BEBC46711CC4B18100514624 /* Project object */ = {
			isa = PBXProject;
			attributes = {
				LastUpgradeCheck = 0720;
				ORGANIZATIONNAME = "好价";
				TargetAttributes = {
					BEBC46781CC4B18100514624 = {
						CreatedOnToolsVersion = 7.2.1;
					};
					BEBC46911CC4B18100514624 = {
						CreatedOnToolsVersion = 7.2.1;
						TestTargetID = BEBC46781CC4B18100514624;
					};
					BEBC469C1CC4B18100514624 = {
						CreatedOnToolsVersion = 7.2.1;
						TestTargetID = BEBC46781CC4B18100514624;
					};
				};
			};
			buildConfigurationList = BEBC46741CC4B18100514624 /* Build configuration list for PBXProject "LangKit" */;
			compatibilityVersion = "Xcode 3.2";
			developmentRegion = English;
			hasScannedForEncodings = 0;
			knownRegions = (
				en,
				Base,
			);
			mainGroup = BEBC46701CC4B18100514624;
			productRefGroup = BEBC467A1CC4B18100514624 /* Products */;
			projectDirPath = "";
			projectRoot = "";
			targets = (
				BEBC46781CC4B18100514624 /* LangKit */,
				BEBC46911CC4B18100514624 /* LangKitTests */,
				BEBC469C1CC4B18100514624 /* LangKitUITests */,
			);
		};
/* End PBXProject section */

/* Begin PBXResourcesBuildPhase section */
		BEBC46771CC4B18100514624 /* Resources */ = {
			isa = PBXResourcesBuildPhase;
			buildActionMask = 2147483647;
			files = (
				BEBC468C1CC4B18100514624 /* LaunchScreen.storyboard in Resources */,
				BEBC46891CC4B18100514624 /* Assets.xcassets in Resources */,
				BEBC46871CC4B18100514624 /* Main.storyboard in Resources */,
			);
			runOnlyForDeploymentPostprocessing = 0;
		};
		BEBC46901CC4B18100514624 /* Resources */ = {
			isa = PBXResourcesBuildPhase;
			buildActionMask = 2147483647;
			files = (
			);
			runOnlyForDeploymentPostprocessing = 0;
		};
		BEBC469B1CC4B18100514624 /* Resources */ = {
			isa = PBXResourcesBuildPhase;
			buildActionMask = 2147483647;
			files = (
			);
			runOnlyForDeploymentPostprocessing = 0;
		};
/* End PBXResourcesBuildPhase section */

/* Begin PBXSourcesBuildPhase section */
		BEBC46751CC4B18100514624 /* Sources */ = {
			isa = PBXSourcesBuildPhase;
			buildActionMask = 2147483647;
			files = (
				BEE28A3F1CCE194A0044A76F /* NSData+YYAdd.m in Sources */,
				BEE28A3D1CCE194A0044A76F /* NSArray+YYAdd.m in Sources */,
				BEE23ADA1CCF05B500B166EC /* UIGestureRecognizer+YYAdd.m in Sources */,
				BEBC46B21CC4B1AC00514624 /* LangCache.m in Sources */,
				BEBC46841CC4B18100514624 /* ViewController.m in Sources */,
				BEE28A4A1CCE194A0044A76F /* NSTimer+YYAdd.m in Sources */,
				BEE23AD11CCF05B500B166EC /* CALayer+YYAdd.m in Sources */,
				BEE28A431CCE194A0044A76F /* NSNotificationCenter+YYAdd.m in Sources */,
				BEE23AD21CCF05B500B166EC /* YYCGUtilities.m in Sources */,
				BEE28A481CCE194A0044A76F /* NSString+YYAdd.m in Sources */,
				BEE23ADE1CCF05B500B166EC /* UITableView+YYAdd.m in Sources */,
				BEE23AD51CCF05B500B166EC /* UIBezierPath+YYAdd.m in Sources */,
				BEE23ADD1CCF05B500B166EC /* UIScrollView+YYAdd.m in Sources */,
				BEE28A411CCE194A0044A76F /* NSDictionary+YYAdd.m in Sources */,
				BEE23AD61CCF05B500B166EC /* UIColor+YYAdd.m in Sources */,
				BEBC46BB1CC4B1E800514624 /* LangKVStorage.m in Sources */,
				BEE28A441CCE194A0044A76F /* NSNumber+YYAdd.m in Sources */,
				BEE28A461CCE194A0044A76F /* NSObject+YYAddForARC.m in Sources */,
				BEE23ADC1CCF05B500B166EC /* UIScreen+YYAdd.m in Sources */,
				BEE28A491CCE194A0044A76F /* NSThread+YYAdd.m in Sources */,
				BEE23ADB1CCF05B500B166EC /* UIImage+YYAdd.m in Sources */,
				BEE28A421CCE194A0044A76F /* NSKeyedUnarchiver+YYAdd.m in Sources */,
				BEE23AD71CCF05B500B166EC /* UIControl+YYAdd.m in Sources */,
				BEE23AE01CCF05B500B166EC /* UIView+YYAdd.m in Sources */,
				BEE23AD91CCF05B500B166EC /* UIFont+YYAdd.m in Sources */,
				BEE28A451CCE194A0044A76F /* NSObject+YYAdd.m in Sources */,
				BEE23AD81CCF05B500B166EC /* UIDevice+YYAdd.m in Sources */,
				BEE23AD31CCF05B500B166EC /* UIApplication+YYAdd.m in Sources */,
				BEE28A401CCE194A0044A76F /* NSDate+YYAdd.m in Sources */,
				BEBC46B51CC4B1BE00514624 /* LangMemoryCache.m in Sources */,
				BEE28A3E1CCE194A0044A76F /* NSBundle+YYAdd.m in Sources */,
				BEE28A471CCE194A0044A76F /* NSObject+YYAddForKVO.m in Sources */,
				BEE23ADF1CCF05B500B166EC /* UITextField+YYAdd.m in Sources */,
				BEBC46811CC4B18100514624 /* AppDelegate.m in Sources */,
				BEE23AD41CCF05B500B166EC /* UIBarButtonItem+YYAdd.m in Sources */,
				BEBC467E1CC4B18100514624 /* main.m in Sources */,
				BEBC46B81CC4B1CE00514624 /* LangDiskCache.m in Sources */,
			);
			runOnlyForDeploymentPostprocessing = 0;
		};
		BEBC468E1CC4B18100514624 /* Sources */ = {
			isa = PBXSourcesBuildPhase;
			buildActionMask = 2147483647;
			files = (
				BEBC46971CC4B18100514624 /* LangKitTests.m in Sources */,
			);
			runOnlyForDeploymentPostprocessing = 0;
		};
		BEBC46991CC4B18100514624 /* Sources */ = {
			isa = PBXSourcesBuildPhase;
			buildActionMask = 2147483647;
			files = (
				BEBC46A21CC4B18100514624 /* LangKitUITests.m in Sources */,
			);
			runOnlyForDeploymentPostprocessing = 0;
		};
/* End PBXSourcesBuildPhase section */

/* Begin PBXTargetDependency section */
		BEBC46941CC4B18100514624 /* PBXTargetDependency */ = {
			isa = PBXTargetDependency;
			target = BEBC46781CC4B18100514624 /* LangKit */;
			targetProxy = BEBC46931CC4B18100514624 /* PBXContainerItemProxy */;
		};
		BEBC469F1CC4B18100514624 /* PBXTargetDependency */ = {
			isa = PBXTargetDependency;
			target = BEBC46781CC4B18100514624 /* LangKit */;
			targetProxy = BEBC469E1CC4B18100514624 /* PBXContainerItemProxy */;
		};
/* End PBXTargetDependency section */

/* Begin PBXVariantGroup section */
		BEBC46851CC4B18100514624 /* Main.storyboard */ = {
			isa = PBXVariantGroup;
			children = (
				BEBC46861CC4B18100514624 /* Base */,
			);
			name = Main.storyboard;
			sourceTree = "<group>";
		};
		BEBC468A1CC4B18100514624 /* LaunchScreen.storyboard */ = {
			isa = PBXVariantGroup;
			children = (
				BEBC468B1CC4B18100514624 /* Base */,
			);
			name = LaunchScreen.storyboard;
			sourceTree = "<group>";
		};
/* End PBXVariantGroup section */

/* Begin XCBuildConfiguration section */
		BEBC46A41CC4B18100514624 /* Debug */ = {
			isa = XCBuildConfiguration;
			buildSettings = {
				ALWAYS_SEARCH_USER_PATHS = NO;
				CLANG_CXX_LANGUAGE_STANDARD = "gnu++0x";
				CLANG_CXX_LIBRARY = "libc++";
				CLANG_ENABLE_MODULES = YES;
				CLANG_ENABLE_OBJC_ARC = YES;
				CLANG_WARN_BOOL_CONVERSION = YES;
				CLANG_WARN_CONSTANT_CONVERSION = YES;
				CLANG_WARN_DIRECT_OBJC_ISA_USAGE = YES_ERROR;
				CLANG_WARN_EMPTY_BODY = YES;
				CLANG_WARN_ENUM_CONVERSION = YES;
				CLANG_WARN_INT_CONVERSION = YES;
				CLANG_WARN_OBJC_ROOT_CLASS = YES_ERROR;
				CLANG_WARN_UNREACHABLE_CODE = YES;
				CLANG_WARN__DUPLICATE_METHOD_MATCH = YES;
				"CODE_SIGN_IDENTITY[sdk=iphoneos*]" = "iPhone Developer";
				COPY_PHASE_STRIP = NO;
				DEBUG_INFORMATION_FORMAT = dwarf;
				ENABLE_STRICT_OBJC_MSGSEND = YES;
				ENABLE_TESTABILITY = YES;
				GCC_C_LANGUAGE_STANDARD = gnu99;
				GCC_DYNAMIC_NO_PIC = NO;
				GCC_NO_COMMON_BLOCKS = YES;
				GCC_OPTIMIZATION_LEVEL = 0;
				GCC_PREPROCESSOR_DEFINITIONS = (
					"DEBUG=1",
					"$(inherited)",
				);
				GCC_WARN_64_TO_32_BIT_CONVERSION = YES;
				GCC_WARN_ABOUT_RETURN_TYPE = YES_ERROR;
				GCC_WARN_UNDECLARED_SELECTOR = YES;
				GCC_WARN_UNINITIALIZED_AUTOS = YES_AGGRESSIVE;
				GCC_WARN_UNUSED_FUNCTION = YES;
				GCC_WARN_UNUSED_VARIABLE = YES;
				IPHONEOS_DEPLOYMENT_TARGET = 9.2;
				MTL_ENABLE_DEBUG_INFO = YES;
				ONLY_ACTIVE_ARCH = YES;
				SDKROOT = iphoneos;
				TARGETED_DEVICE_FAMILY = "1,2";
			};
			name = Debug;
		};
		BEBC46A51CC4B18100514624 /* Release */ = {
			isa = XCBuildConfiguration;
			buildSettings = {
				ALWAYS_SEARCH_USER_PATHS = NO;
				CLANG_CXX_LANGUAGE_STANDARD = "gnu++0x";
				CLANG_CXX_LIBRARY = "libc++";
				CLANG_ENABLE_MODULES = YES;
				CLANG_ENABLE_OBJC_ARC = YES;
				CLANG_WARN_BOOL_CONVERSION = YES;
				CLANG_WARN_CONSTANT_CONVERSION = YES;
				CLANG_WARN_DIRECT_OBJC_ISA_USAGE = YES_ERROR;
				CLANG_WARN_EMPTY_BODY = YES;
				CLANG_WARN_ENUM_CONVERSION = YES;
				CLANG_WARN_INT_CONVERSION = YES;
				CLANG_WARN_OBJC_ROOT_CLASS = YES_ERROR;
				CLANG_WARN_UNREACHABLE_CODE = YES;
				CLANG_WARN__DUPLICATE_METHOD_MATCH = YES;
				"CODE_SIGN_IDENTITY[sdk=iphoneos*]" = "iPhone Developer";
				COPY_PHASE_STRIP = NO;
				DEBUG_INFORMATION_FORMAT = "dwarf-with-dsym";
				ENABLE_NS_ASSERTIONS = NO;
				ENABLE_STRICT_OBJC_MSGSEND = YES;
				GCC_C_LANGUAGE_STANDARD = gnu99;
				GCC_NO_COMMON_BLOCKS = YES;
				GCC_WARN_64_TO_32_BIT_CONVERSION = YES;
				GCC_WARN_ABOUT_RETURN_TYPE = YES_ERROR;
				GCC_WARN_UNDECLARED_SELECTOR = YES;
				GCC_WARN_UNINITIALIZED_AUTOS = YES_AGGRESSIVE;
				GCC_WARN_UNUSED_FUNCTION = YES;
				GCC_WARN_UNUSED_VARIABLE = YES;
				IPHONEOS_DEPLOYMENT_TARGET = 9.2;
				MTL_ENABLE_DEBUG_INFO = NO;
				SDKROOT = iphoneos;
				TARGETED_DEVICE_FAMILY = "1,2";
				VALIDATE_PRODUCT = YES;
			};
			name = Release;
		};
		BEBC46A71CC4B18100514624 /* Debug */ = {
			isa = XCBuildConfiguration;
			buildSettings = {
				ASSETCATALOG_COMPILER_APPICON_NAME = AppIcon;
				INFOPLIST_FILE = LangKit/Info.plist;
				LD_RUNPATH_SEARCH_PATHS = "$(inherited) @executable_path/Frameworks";
				PRODUCT_BUNDLE_IDENTIFIER = "--.LangKit";
				PRODUCT_NAME = "$(TARGET_NAME)";
			};
			name = Debug;
		};
		BEBC46A81CC4B18100514624 /* Release */ = {
			isa = XCBuildConfiguration;
			buildSettings = {
				ASSETCATALOG_COMPILER_APPICON_NAME = AppIcon;
				INFOPLIST_FILE = LangKit/Info.plist;
				LD_RUNPATH_SEARCH_PATHS = "$(inherited) @executable_path/Frameworks";
				PRODUCT_BUNDLE_IDENTIFIER = "--.LangKit";
				PRODUCT_NAME = "$(TARGET_NAME)";
			};
			name = Release;
		};
		BEBC46AA1CC4B18100514624 /* Debug */ = {
			isa = XCBuildConfiguration;
			buildSettings = {
				BUNDLE_LOADER = "$(TEST_HOST)";
				INFOPLIST_FILE = LangKitTests/Info.plist;
				LD_RUNPATH_SEARCH_PATHS = "$(inherited) @executable_path/Frameworks @loader_path/Frameworks";
				PRODUCT_BUNDLE_IDENTIFIER = "--.LangKitTests";
				PRODUCT_NAME = "$(TARGET_NAME)";
				TEST_HOST = "$(BUILT_PRODUCTS_DIR)/LangKit.app/LangKit";
			};
			name = Debug;
		};
		BEBC46AB1CC4B18100514624 /* Release */ = {
			isa = XCBuildConfiguration;
			buildSettings = {
				BUNDLE_LOADER = "$(TEST_HOST)";
				INFOPLIST_FILE = LangKitTests/Info.plist;
				LD_RUNPATH_SEARCH_PATHS = "$(inherited) @executable_path/Frameworks @loader_path/Frameworks";
				PRODUCT_BUNDLE_IDENTIFIER = "--.LangKitTests";
				PRODUCT_NAME = "$(TARGET_NAME)";
				TEST_HOST = "$(BUILT_PRODUCTS_DIR)/LangKit.app/LangKit";
			};
			name = Release;
		};
		BEBC46AD1CC4B18100514624 /* Debug */ = {
			isa = XCBuildConfiguration;
			buildSettings = {
				INFOPLIST_FILE = LangKitUITests/Info.plist;
				LD_RUNPATH_SEARCH_PATHS = "$(inherited) @executable_path/Frameworks @loader_path/Frameworks";
				PRODUCT_BUNDLE_IDENTIFIER = "--.LangKitUITests";
				PRODUCT_NAME = "$(TARGET_NAME)";
				TEST_TARGET_NAME = LangKit;
				USES_XCTRUNNER = YES;
			};
			name = Debug;
		};
		BEBC46AE1CC4B18100514624 /* Release */ = {
			isa = XCBuildConfiguration;
			buildSettings = {
				INFOPLIST_FILE = LangKitUITests/Info.plist;
				LD_RUNPATH_SEARCH_PATHS = "$(inherited) @executable_path/Frameworks @loader_path/Frameworks";
				PRODUCT_BUNDLE_IDENTIFIER = "--.LangKitUITests";
				PRODUCT_NAME = "$(TARGET_NAME)";
				TEST_TARGET_NAME = LangKit;
				USES_XCTRUNNER = YES;
			};
			name = Release;
		};
/* End XCBuildConfiguration section */

/* Begin XCConfigurationList section */
		BEBC46741CC4B18100514624 /* Build configuration list for PBXProject "LangKit" */ = {
			isa = XCConfigurationList;
			buildConfigurations = (
				BEBC46A41CC4B18100514624 /* Debug */,
				BEBC46A51CC4B18100514624 /* Release */,
			);
			defaultConfigurationIsVisible = 0;
			defaultConfigurationName = Release;
		};
		BEBC46A61CC4B18100514624 /* Build configuration list for PBXNativeTarget "LangKit" */ = {
			isa = XCConfigurationList;
			buildConfigurations = (
				BEBC46A71CC4B18100514624 /* Debug */,
				BEBC46A81CC4B18100514624 /* Release */,
			);
			defaultConfigurationIsVisible = 0;
			defaultConfigurationName = Release;
		};
		BEBC46A91CC4B18100514624 /* Build configuration list for PBXNativeTarget "LangKitTests" */ = {
			isa = XCConfigurationList;
			buildConfigurations = (
				BEBC46AA1CC4B18100514624 /* Debug */,
				BEBC46AB1CC4B18100514624 /* Release */,
			);
			defaultConfigurationIsVisible = 0;
			defaultConfigurationName = Release;
		};
		BEBC46AC1CC4B18100514624 /* Build configuration list for PBXNativeTarget "LangKitUITests" */ = {
			isa = XCConfigurationList;
			buildConfigurations = (
				BEBC46AD1CC4B18100514624 /* Debug */,
				BEBC46AE1CC4B18100514624 /* Release */,
			);
			defaultConfigurationIsVisible = 0;
			defaultConfigurationName = Release;
		};
/* End XCConfigurationList section */
	};
	rootObject = BEBC46711CC4B18100514624 /* Project object */;
}
